// !$*UTF8*$!
{
	archiveVersion = 1;
	classes = {
	};
	objectVersion = 55;
	objects = {

/* Begin PBXBuildFile section */
		5C3FC3AC27226C32004B4A1E /* ambrosialApp.swift in Sources */ = {isa = PBXBuildFile; fileRef = 5C3FC3AB27226C32004B4A1E /* ambrosialApp.swift */; };
		5C3FC3AE27226C32004B4A1E /* ContentView.swift in Sources */ = {isa = PBXBuildFile; fileRef = 5C3FC3AD27226C32004B4A1E /* ContentView.swift */; };
		5C3FC3B027226C35004B4A1E /* Assets.xcassets in Resources */ = {isa = PBXBuildFile; fileRef = 5C3FC3AF27226C35004B4A1E /* Assets.xcassets */; };
		5C3FC3B327226C35004B4A1E /* Preview Assets.xcassets in Resources */ = {isa = PBXBuildFile; fileRef = 5C3FC3B227226C35004B4A1E /* Preview Assets.xcassets */; };
		CE8CC3942776C202009E1D1E /* NavigationStack in Frameworks */ = {isa = PBXBuildFile; productRef = CE8CC3932776C202009E1D1E /* NavigationStack */; };
		CE8CC3962776C8AE009E1D1E /* FullSwipePopExtension.swift in Sources */ = {isa = PBXBuildFile; fileRef = CE8CC3952776C8AE009E1D1E /* FullSwipePopExtension.swift */; };
		CE8CC398277922C4009E1D1E /* BrewMethodView.swift in Sources */ = {isa = PBXBuildFile; fileRef = CE8CC397277922C4009E1D1E /* BrewMethodView.swift */; };
		CE8CC39B27792702009E1D1E /* BrewMethod.swift in Sources */ = {isa = PBXBuildFile; fileRef = CE8CC39A27792702009E1D1E /* BrewMethod.swift */; };
		CE8CC39D27792A7C009E1D1E /* CoffeeFilter.swift in Sources */ = {isa = PBXBuildFile; fileRef = CE8CC39C27792A7C009E1D1E /* CoffeeFilter.swift */; };
		CE8CC3A427792D06009E1D1E /* brewmethodData.json in Resources */ = {isa = PBXBuildFile; fileRef = CE8CC3A327792D06009E1D1E /* brewmethodData.json */; };
		CE8CC3A627793117009E1D1E /* ModelData.swift in Sources */ = {isa = PBXBuildFile; fileRef = CE8CC3A527793117009E1D1E /* ModelData.swift */; };
		CE8CC3A827794604009E1D1E /* BrewMethodElement.swift in Sources */ = {isa = PBXBuildFile; fileRef = CE8CC3A727794604009E1D1E /* BrewMethodElement.swift */; };
		CE8CC3AA27794BE9009E1D1E /* BeanView.swift in Sources */ = {isa = PBXBuildFile; fileRef = CE8CC3A927794BE9009E1D1E /* BeanView.swift */; };
		CE8CC3AC27794BFF009E1D1E /* Bean.swift in Sources */ = {isa = PBXBuildFile; fileRef = CE8CC3AB27794BFF009E1D1E /* Bean.swift */; };
		CE8CC3B027794D0D009E1D1E /* beanData.json in Resources */ = {isa = PBXBuildFile; fileRef = CE8CC3AF27794D0D009E1D1E /* beanData.json */; };
		CE8CC3B227794FFB009E1D1E /* CoffeeFilterView.swift in Sources */ = {isa = PBXBuildFile; fileRef = CE8CC3B127794FFB009E1D1E /* CoffeeFilterView.swift */; };
		CE8CC3B4277950F4009E1D1E /* BeanElement.swift in Sources */ = {isa = PBXBuildFile; fileRef = CE8CC3B3277950F4009E1D1E /* BeanElement.swift */; };
		CEC63ACA277A7D1400A2DD90 /* CoffeeFilterElement.swift in Sources */ = {isa = PBXBuildFile; fileRef = CEC63AC9277A7D1400A2DD90 /* CoffeeFilterElement.swift */; };
		CEC63ACC277A7E9D00A2DD90 /* coffeefilterData.json in Resources */ = {isa = PBXBuildFile; fileRef = CEC63ACB277A7E9D00A2DD90 /* coffeefilterData.json */; };
		E8BD67DD2780F15D003A6F07 /* HomeView.swift in Sources */ = {isa = PBXBuildFile; fileRef = E8BD67DC2780F15D003A6F07 /* HomeView.swift */; };
		E8BD67DF2780F215003A6F07 /* SettingView.swift in Sources */ = {isa = PBXBuildFile; fileRef = E8BD67DE2780F215003A6F07 /* SettingView.swift */; };
		E8BD67E12780F280003A6F07 /* RecipeView.swift in Sources */ = {isa = PBXBuildFile; fileRef = E8BD67E02780F280003A6F07 /* RecipeView.swift */; };
		E8BD67E32780F447003A6F07 /* Recipe.swift in Sources */ = {isa = PBXBuildFile; fileRef = E8BD67E22780F447003A6F07 /* Recipe.swift */; };
		E8BD67EA2780FA60003A6F07 /* recipeList.json in Resources */ = {isa = PBXBuildFile; fileRef = E8BD67E92780FA60003A6F07 /* recipeList.json */; };
/* End PBXBuildFile section */

/* Begin PBXFileReference section */
		5C3FC3A827226C32004B4A1E /* ambrosial.app */ = {isa = PBXFileReference; explicitFileType = wrapper.application; includeInIndex = 0; path = ambrosial.app; sourceTree = BUILT_PRODUCTS_DIR; };
		5C3FC3AB27226C32004B4A1E /* ambrosialApp.swift */ = {isa = PBXFileReference; lastKnownFileType = sourcecode.swift; path = ambrosialApp.swift; sourceTree = "<group>"; };
		5C3FC3AD27226C32004B4A1E /* ContentView.swift */ = {isa = PBXFileReference; lastKnownFileType = sourcecode.swift; path = ContentView.swift; sourceTree = "<group>"; };
		5C3FC3AF27226C35004B4A1E /* Assets.xcassets */ = {isa = PBXFileReference; lastKnownFileType = folder.assetcatalog; path = Assets.xcassets; sourceTree = "<group>"; };
		5C3FC3B227226C35004B4A1E /* Preview Assets.xcassets */ = {isa = PBXFileReference; lastKnownFileType = folder.assetcatalog; path = "Preview Assets.xcassets"; sourceTree = "<group>"; };
		CE8CC3952776C8AE009E1D1E /* FullSwipePopExtension.swift */ = {isa = PBXFileReference; lastKnownFileType = sourcecode.swift; path = FullSwipePopExtension.swift; sourceTree = "<group>"; };
		CE8CC397277922C4009E1D1E /* BrewMethodView.swift */ = {isa = PBXFileReference; lastKnownFileType = sourcecode.swift; path = BrewMethodView.swift; sourceTree = "<group>"; };
		CE8CC39A27792702009E1D1E /* BrewMethod.swift */ = {isa = PBXFileReference; lastKnownFileType = sourcecode.swift; path = BrewMethod.swift; sourceTree = "<group>"; };
		CE8CC39C27792A7C009E1D1E /* CoffeeFilter.swift */ = {isa = PBXFileReference; lastKnownFileType = sourcecode.swift; path = CoffeeFilter.swift; sourceTree = "<group>"; };
		CE8CC3A327792D06009E1D1E /* brewmethodData.json */ = {isa = PBXFileReference; lastKnownFileType = text.json; path = brewmethodData.json; sourceTree = "<group>"; };
		CE8CC3A527793117009E1D1E /* ModelData.swift */ = {isa = PBXFileReference; lastKnownFileType = sourcecode.swift; path = ModelData.swift; sourceTree = "<group>"; };
		CE8CC3A727794604009E1D1E /* BrewMethodElement.swift */ = {isa = PBXFileReference; lastKnownFileType = sourcecode.swift; path = BrewMethodElement.swift; sourceTree = "<group>"; };
		CE8CC3A927794BE9009E1D1E /* BeanView.swift */ = {isa = PBXFileReference; lastKnownFileType = sourcecode.swift; path = BeanView.swift; sourceTree = "<group>"; };
		CE8CC3AB27794BFF009E1D1E /* Bean.swift */ = {isa = PBXFileReference; lastKnownFileType = sourcecode.swift; path = Bean.swift; sourceTree = "<group>"; };
		CE8CC3AF27794D0D009E1D1E /* beanData.json */ = {isa = PBXFileReference; lastKnownFileType = text.json; path = beanData.json; sourceTree = "<group>"; };
		CE8CC3B127794FFB009E1D1E /* CoffeeFilterView.swift */ = {isa = PBXFileReference; lastKnownFileType = sourcecode.swift; path = CoffeeFilterView.swift; sourceTree = "<group>"; };
		CE8CC3B3277950F4009E1D1E /* BeanElement.swift */ = {isa = PBXFileReference; lastKnownFileType = sourcecode.swift; path = BeanElement.swift; sourceTree = "<group>"; };
		CEC63AC9277A7D1400A2DD90 /* CoffeeFilterElement.swift */ = {isa = PBXFileReference; lastKnownFileType = sourcecode.swift; path = CoffeeFilterElement.swift; sourceTree = "<group>"; };
		CEC63ACB277A7E9D00A2DD90 /* coffeefilterData.json */ = {isa = PBXFileReference; lastKnownFileType = text.json; path = coffeefilterData.json; sourceTree = "<group>"; };
		E8BD67DC2780F15D003A6F07 /* HomeView.swift */ = {isa = PBXFileReference; lastKnownFileType = sourcecode.swift; path = HomeView.swift; sourceTree = "<group>"; };
		E8BD67DE2780F215003A6F07 /* SettingView.swift */ = {isa = PBXFileReference; lastKnownFileType = sourcecode.swift; path = SettingView.swift; sourceTree = "<group>"; };
		E8BD67E02780F280003A6F07 /* RecipeView.swift */ = {isa = PBXFileReference; lastKnownFileType = sourcecode.swift; path = RecipeView.swift; sourceTree = "<group>"; };
		E8BD67E22780F447003A6F07 /* Recipe.swift */ = {isa = PBXFileReference; lastKnownFileType = sourcecode.swift; path = Recipe.swift; sourceTree = "<group>"; };
		E8BD67E92780FA60003A6F07 /* recipeList.json */ = {isa = PBXFileReference; fileEncoding = 4; lastKnownFileType = text.json; path = recipeList.json; sourceTree = "<group>"; };
/* End PBXFileReference section */

/* Begin PBXFrameworksBuildPhase section */
		5C3FC3A527226C32004B4A1E /* Frameworks */ = {
			isa = PBXFrameworksBuildPhase;
			buildActionMask = 2147483647;
			files = (
				CE8CC3942776C202009E1D1E /* NavigationStack in Frameworks */,
			);
			runOnlyForDeploymentPostprocessing = 0;
		};
/* End PBXFrameworksBuildPhase section */

/* Begin PBXGroup section */
		5C3FC39F27226C32004B4A1E = {
			isa = PBXGroup;
			children = (
				5C3FC3AA27226C32004B4A1E /* ambrosial */,
				5C3FC3A927226C32004B4A1E /* Products */,
			);
			sourceTree = "<group>";
		};
		5C3FC3A927226C32004B4A1E /* Products */ = {
			isa = PBXGroup;
			children = (
				5C3FC3A827226C32004B4A1E /* ambrosial.app */,
			);
			name = Products;
			sourceTree = "<group>";
		};
		5C3FC3AA27226C32004B4A1E /* ambrosial */ = {
			isa = PBXGroup;
			children = (
				5C3FC3AB27226C32004B4A1E /* ambrosialApp.swift */,
				CE8CC399277922E2009E1D1E /* Views */,
				CE8CC39E27792BAD009E1D1E /* Model */,
				CE8CC39F27792C08009E1D1E /* Resources */,
				5C3FC3AF27226C35004B4A1E /* Assets.xcassets */,
				5C3FC3B127226C35004B4A1E /* Preview Content */,
				CE8CC3952776C8AE009E1D1E /* FullSwipePopExtension.swift */,
			);
			path = ambrosial;
			sourceTree = "<group>";
		};
		5C3FC3B127226C35004B4A1E /* Preview Content */ = {
			isa = PBXGroup;
			children = (
				5C3FC3B227226C35004B4A1E /* Preview Assets.xcassets */,
			);
			path = "Preview Content";
			sourceTree = "<group>";
		};
		CE8CC399277922E2009E1D1E /* Views */ = {
			isa = PBXGroup;
			children = (
				5C3FC3AD27226C32004B4A1E /* ContentView.swift */,
				CE8CC397277922C4009E1D1E /* BrewMethodView.swift */,
				CE8CC3A727794604009E1D1E /* BrewMethodElement.swift */,
				CE8CC3A927794BE9009E1D1E /* BeanView.swift */,
				CE8CC3B3277950F4009E1D1E /* BeanElement.swift */,
				CE8CC3B127794FFB009E1D1E /* CoffeeFilterView.swift */,
				CEC63AC9277A7D1400A2DD90 /* CoffeeFilterElement.swift */,
				E8BD67DC2780F15D003A6F07 /* HomeView.swift */,
				E8BD67DE2780F215003A6F07 /* SettingView.swift */,
				E8BD67E02780F280003A6F07 /* RecipeView.swift */,
			);
			path = Views;
			sourceTree = "<group>";
		};
		CE8CC39E27792BAD009E1D1E /* Model */ = {
			isa = PBXGroup;
			children = (
				CE8CC3A527793117009E1D1E /* ModelData.swift */,
				CE8CC39A27792702009E1D1E /* BrewMethod.swift */,
				CE8CC39C27792A7C009E1D1E /* CoffeeFilter.swift */,
				CE8CC3AB27794BFF009E1D1E /* Bean.swift */,
				E8BD67E22780F447003A6F07 /* Recipe.swift */,
			);
			path = Model;
			sourceTree = "<group>";
		};
		CE8CC39F27792C08009E1D1E /* Resources */ = {
			isa = PBXGroup;
			children = (
				E8BD67E92780FA60003A6F07 /* recipeList.json */,
				CE8CC3A327792D06009E1D1E /* brewmethodData.json */,
				CE8CC3AF27794D0D009E1D1E /* beanData.json */,
				CEC63ACB277A7E9D00A2DD90 /* coffeefilterData.json */,
			);
			path = Resources;
			sourceTree = "<group>";
		};
/* End PBXGroup section */

/* Begin PBXNativeTarget section */
		5C3FC3A727226C32004B4A1E /* ambrosial */ = {
			isa = PBXNativeTarget;
			buildConfigurationList = 5C3FC3B627226C35004B4A1E /* Build configuration list for PBXNativeTarget "ambrosial" */;
			buildPhases = (
				5C3FC3A427226C32004B4A1E /* Sources */,
				5C3FC3A527226C32004B4A1E /* Frameworks */,
				5C3FC3A627226C32004B4A1E /* Resources */,
			);
			buildRules = (
			);
			dependencies = (
			);
			name = ambrosial;
			packageProductDependencies = (
				CE8CC3932776C202009E1D1E /* NavigationStack */,
			);
			productName = ambrosial;
			productReference = 5C3FC3A827226C32004B4A1E /* ambrosial.app */;
			productType = "com.apple.product-type.application";
		};
/* End PBXNativeTarget section */

/* Begin PBXProject section */
		5C3FC3A027226C32004B4A1E /* Project object */ = {
			isa = PBXProject;
			attributes = {
				BuildIndependentTargetsInParallel = 1;
				LastSwiftUpdateCheck = 1300;
				LastUpgradeCheck = 1300;
				TargetAttributes = {
					5C3FC3A727226C32004B4A1E = {
						CreatedOnToolsVersion = 13.0;
					};
				};
			};
			buildConfigurationList = 5C3FC3A327226C32004B4A1E /* Build configuration list for PBXProject "ambrosial" */;
			compatibilityVersion = "Xcode 13.0";
			developmentRegion = en;
			hasScannedForEncodings = 0;
			knownRegions = (
				en,
				Base,
			);
			mainGroup = 5C3FC39F27226C32004B4A1E;
			packageReferences = (
				CE8CC3922776C202009E1D1E /* XCRemoteSwiftPackageReference "swiftui-navigation-stack" */,
			);
			productRefGroup = 5C3FC3A927226C32004B4A1E /* Products */;
			projectDirPath = "";
			projectRoot = "";
			targets = (
				5C3FC3A727226C32004B4A1E /* ambrosial */,
			);
		};
/* End PBXProject section */

/* Begin PBXResourcesBuildPhase section */
		5C3FC3A627226C32004B4A1E /* Resources */ = {
			isa = PBXResourcesBuildPhase;
			buildActionMask = 2147483647;
			files = (
				5C3FC3B327226C35004B4A1E /* Preview Assets.xcassets in Resources */,
				CE8CC3B027794D0D009E1D1E /* beanData.json in Resources */,
				CE8CC3A427792D06009E1D1E /* brewmethodData.json in Resources */,
				CEC63ACC277A7E9D00A2DD90 /* coffeefilterData.json in Resources */,
				5C3FC3B027226C35004B4A1E /* Assets.xcassets in Resources */,
				E8BD67EA2780FA60003A6F07 /* recipeList.json in Resources */,
			);
			runOnlyForDeploymentPostprocessing = 0;
		};
/* End PBXResourcesBuildPhase section */

/* Begin PBXSourcesBuildPhase section */
		5C3FC3A427226C32004B4A1E /* Sources */ = {
			isa = PBXSourcesBuildPhase;
			buildActionMask = 2147483647;
			files = (
				CE8CC3B227794FFB009E1D1E /* CoffeeFilterView.swift in Sources */,
				E8BD67DD2780F15D003A6F07 /* HomeView.swift in Sources */,
				CEC63ACA277A7D1400A2DD90 /* CoffeeFilterElement.swift in Sources */,
				5C3FC3AE27226C32004B4A1E /* ContentView.swift in Sources */,
				CE8CC39B27792702009E1D1E /* BrewMethod.swift in Sources */,
				E8BD67E32780F447003A6F07 /* Recipe.swift in Sources */,
				5C3FC3AC27226C32004B4A1E /* ambrosialApp.swift in Sources */,
				E8BD67DF2780F215003A6F07 /* SettingView.swift in Sources */,
				CE8CC3AC27794BFF009E1D1E /* Bean.swift in Sources */,
				CE8CC3AA27794BE9009E1D1E /* BeanView.swift in Sources */,
				CE8CC39D27792A7C009E1D1E /* CoffeeFilter.swift in Sources */,
				CE8CC3962776C8AE009E1D1E /* FullSwipePopExtension.swift in Sources */,
				CE8CC3B4277950F4009E1D1E /* BeanElement.swift in Sources */,
				CE8CC3A827794604009E1D1E /* BrewMethodElement.swift in Sources */,
				CE8CC398277922C4009E1D1E /* BrewMethodView.swift in Sources */,
				E8BD67E12780F280003A6F07 /* RecipeView.swift in Sources */,
				CE8CC3A627793117009E1D1E /* ModelData.swift in Sources */,
			);
			runOnlyForDeploymentPostprocessing = 0;
		};
/* End PBXSourcesBuildPhase section */

/* Begin XCBuildConfiguration section */
		5C3FC3B427226C35004B4A1E /* Debug */ = {
			isa = XCBuildConfiguration;
			buildSettings = {
				ALWAYS_SEARCH_USER_PATHS = NO;
				CLANG_ANALYZER_NONNULL = YES;
				CLANG_ANALYZER_NUMBER_OBJECT_CONVERSION = YES_AGGRESSIVE;
				CLANG_CXX_LANGUAGE_STANDARD = "gnu++17";
				CLANG_CXX_LIBRARY = "libc++";
				CLANG_ENABLE_MODULES = YES;
				CLANG_ENABLE_OBJC_ARC = YES;
				CLANG_ENABLE_OBJC_WEAK = YES;
				CLANG_WARN_BLOCK_CAPTURE_AUTORELEASING = YES;
				CLANG_WARN_BOOL_CONVERSION = YES;
				CLANG_WARN_COMMA = YES;
				CLANG_WARN_CONSTANT_CONVERSION = YES;
				CLANG_WARN_DEPRECATED_OBJC_IMPLEMENTATIONS = YES;
				CLANG_WARN_DIRECT_OBJC_ISA_USAGE = YES_ERROR;
				CLANG_WARN_DOCUMENTATION_COMMENTS = YES;
				CLANG_WARN_EMPTY_BODY = YES;
				CLANG_WARN_ENUM_CONVERSION = YES;
				CLANG_WARN_INFINITE_RECURSION = YES;
				CLANG_WARN_INT_CONVERSION = YES;
				CLANG_WARN_NON_LITERAL_NULL_CONVERSION = YES;
				CLANG_WARN_OBJC_IMPLICIT_RETAIN_SELF = YES;
				CLANG_WARN_OBJC_LITERAL_CONVERSION = YES;
				CLANG_WARN_OBJC_ROOT_CLASS = YES_ERROR;
				CLANG_WARN_QUOTED_INCLUDE_IN_FRAMEWORK_HEADER = YES;
				CLANG_WARN_RANGE_LOOP_ANALYSIS = YES;
				CLANG_WARN_STRICT_PROTOTYPES = YES;
				CLANG_WARN_SUSPICIOUS_MOVE = YES;
				CLANG_WARN_UNGUARDED_AVAILABILITY = YES_AGGRESSIVE;
				CLANG_WARN_UNREACHABLE_CODE = YES;
				CLANG_WARN__DUPLICATE_METHOD_MATCH = YES;
				COPY_PHASE_STRIP = NO;
				DEBUG_INFORMATION_FORMAT = dwarf;
				ENABLE_STRICT_OBJC_MSGSEND = YES;
				ENABLE_TESTABILITY = YES;
				GCC_C_LANGUAGE_STANDARD = gnu11;
				GCC_DYNAMIC_NO_PIC = NO;
				GCC_NO_COMMON_BLOCKS = YES;
				GCC_OPTIMIZATION_LEVEL = 0;
				GCC_PREPROCESSOR_DEFINITIONS = (
					"DEBUG=1",
					"$(inherited)",
				);
				GCC_WARN_64_TO_32_BIT_CONVERSION = YES;
				GCC_WARN_ABOUT_RETURN_TYPE = YES_ERROR;
				GCC_WARN_UNDECLARED_SELECTOR = YES;
				GCC_WARN_UNINITIALIZED_AUTOS = YES_AGGRESSIVE;
				GCC_WARN_UNUSED_FUNCTION = YES;
				GCC_WARN_UNUSED_VARIABLE = YES;
				IPHONEOS_DEPLOYMENT_TARGET = 15.0;
				MTL_ENABLE_DEBUG_INFO = INCLUDE_SOURCE;
				MTL_FAST_MATH = YES;
				ONLY_ACTIVE_ARCH = YES;
				SDKROOT = iphoneos;
				SWIFT_ACTIVE_COMPILATION_CONDITIONS = DEBUG;
				SWIFT_OPTIMIZATION_LEVEL = "-Onone";
			};
			name = Debug;
		};
		5C3FC3B527226C35004B4A1E /* Release */ = {
			isa = XCBuildConfiguration;
			buildSettings = {
				ALWAYS_SEARCH_USER_PATHS = NO;
				CLANG_ANALYZER_NONNULL = YES;
				CLANG_ANALYZER_NUMBER_OBJECT_CONVERSION = YES_AGGRESSIVE;
				CLANG_CXX_LANGUAGE_STANDARD = "gnu++17";
				CLANG_CXX_LIBRARY = "libc++";
				CLANG_ENABLE_MODULES = YES;
				CLANG_ENABLE_OBJC_ARC = YES;
				CLANG_ENABLE_OBJC_WEAK = YES;
				CLANG_WARN_BLOCK_CAPTURE_AUTORELEASING = YES;
				CLANG_WARN_BOOL_CONVERSION = YES;
				CLANG_WARN_COMMA = YES;
				CLANG_WARN_CONSTANT_CONVERSION = YES;
				CLANG_WARN_DEPRECATED_OBJC_IMPLEMENTATIONS = YES;
				CLANG_WARN_DIRECT_OBJC_ISA_USAGE = YES_ERROR;
				CLANG_WARN_DOCUMENTATION_COMMENTS = YES;
				CLANG_WARN_EMPTY_BODY = YES;
				CLANG_WARN_ENUM_CONVERSION = YES;
				CLANG_WARN_INFINITE_RECURSION = YES;
				CLANG_WARN_INT_CONVERSION = YES;
				CLANG_WARN_NON_LITERAL_NULL_CONVERSION = YES;
				CLANG_WARN_OBJC_IMPLICIT_RETAIN_SELF = YES;
				CLANG_WARN_OBJC_LITERAL_CONVERSION = YES;
				CLANG_WARN_OBJC_ROOT_CLASS = YES_ERROR;
				CLANG_WARN_QUOTED_INCLUDE_IN_FRAMEWORK_HEADER = YES;
				CLANG_WARN_RANGE_LOOP_ANALYSIS = YES;
				CLANG_WARN_STRICT_PROTOTYPES = YES;
				CLANG_WARN_SUSPICIOUS_MOVE = YES;
				CLANG_WARN_UNGUARDED_AVAILABILITY = YES_AGGRESSIVE;
				CLANG_WARN_UNREACHABLE_CODE = YES;
				CLANG_WARN__DUPLICATE_METHOD_MATCH = YES;
				COPY_PHASE_STRIP = NO;
				DEBUG_INFORMATION_FORMAT = "dwarf-with-dsym";
				ENABLE_NS_ASSERTIONS = NO;
				ENABLE_STRICT_OBJC_MSGSEND = YES;
				GCC_C_LANGUAGE_STANDARD = gnu11;
				GCC_NO_COMMON_BLOCKS = YES;
				GCC_WARN_64_TO_32_BIT_CONVERSION = YES;
				GCC_WARN_ABOUT_RETURN_TYPE = YES_ERROR;
				GCC_WARN_UNDECLARED_SELECTOR = YES;
				GCC_WARN_UNINITIALIZED_AUTOS = YES_AGGRESSIVE;
				GCC_WARN_UNUSED_FUNCTION = YES;
				GCC_WARN_UNUSED_VARIABLE = YES;
				IPHONEOS_DEPLOYMENT_TARGET = 15.0;
				MTL_ENABLE_DEBUG_INFO = NO;
				MTL_FAST_MATH = YES;
				SDKROOT = iphoneos;
				SWIFT_COMPILATION_MODE = wholemodule;
				SWIFT_OPTIMIZATION_LEVEL = "-O";
				VALIDATE_PRODUCT = YES;
			};
			name = Release;
		};
		5C3FC3B727226C35004B4A1E /* Debug */ = {
			isa = XCBuildConfiguration;
			buildSettings = {
				ASSETCATALOG_COMPILER_APPICON_NAME = AppIcon;
				ASSETCATALOG_COMPILER_GLOBAL_ACCENT_COLOR_NAME = AccentColor;
				CODE_SIGN_STYLE = Automatic;
				CURRENT_PROJECT_VERSION = 1;
				DEVELOPMENT_ASSET_PATHS = "\"ambrosial/Preview Content\"";
				DEVELOPMENT_TEAM = 58QRKXWY36;
				ENABLE_PREVIEWS = YES;
				GENERATE_INFOPLIST_FILE = YES;
				INFOPLIST_KEY_UIApplicationSceneManifest_Generation = YES;
				INFOPLIST_KEY_UIApplicationSupportsIndirectInputEvents = YES;
				INFOPLIST_KEY_UILaunchScreen_Generation = YES;
				INFOPLIST_KEY_UISupportedInterfaceOrientations_iPad = "UIInterfaceOrientationPortrait UIInterfaceOrientationPortraitUpsideDown UIInterfaceOrientationLandscapeLeft UIInterfaceOrientationLandscapeRight";
				INFOPLIST_KEY_UISupportedInterfaceOrientations_iPhone = "UIInterfaceOrientationPortrait UIInterfaceOrientationLandscapeLeft UIInterfaceOrientationLandscapeRight";
				IPHONEOS_DEPLOYMENT_TARGET = 14.0;
				LD_RUNPATH_SEARCH_PATHS = (
					"$(inherited)",
					"@executable_path/Frameworks",
				);
				MARKETING_VERSION = 1.0;
				PRODUCT_BUNDLE_IDENTIFIER = oasisGroup4.ambrosial;
				PRODUCT_NAME = "$(TARGET_NAME)";
				SWIFT_EMIT_LOC_STRINGS = YES;
				SWIFT_VERSION = 5.0;
				TARGETED_DEVICE_FAMILY = "1,2";
			};
			name = Debug;
		};
		5C3FC3B827226C35004B4A1E /* Release */ = {
			isa = XCBuildConfiguration;
			buildSettings = {
				ASSETCATALOG_COMPILER_APPICON_NAME = AppIcon;
				ASSETCATALOG_COMPILER_GLOBAL_ACCENT_COLOR_NAME = AccentColor;
				CODE_SIGN_STYLE = Automatic;
				CURRENT_PROJECT_VERSION = 1;
				DEVELOPMENT_ASSET_PATHS = "\"ambrosial/Preview Content\"";
				DEVELOPMENT_TEAM = 58QRKXWY36;
				ENABLE_PREVIEWS = YES;
				GENERATE_INFOPLIST_FILE = YES;
				INFOPLIST_KEY_UIApplicationSceneManifest_Generation = YES;
				INFOPLIST_KEY_UIApplicationSupportsIndirectInputEvents = YES;
				INFOPLIST_KEY_UILaunchScreen_Generation = YES;
				INFOPLIST_KEY_UISupportedInterfaceOrientations_iPad = "UIInterfaceOrientationPortrait UIInterfaceOrientationPortraitUpsideDown UIInterfaceOrientationLandscapeLeft UIInterfaceOrientationLandscapeRight";
				INFOPLIST_KEY_UISupportedInterfaceOrientations_iPhone = "UIInterfaceOrientationPortrait UIInterfaceOrientationLandscapeLeft UIInterfaceOrientationLandscapeRight";
				IPHONEOS_DEPLOYMENT_TARGET = 14.0;
				LD_RUNPATH_SEARCH_PATHS = (
					"$(inherited)",
					"@executable_path/Frameworks",
				);
				MARKETING_VERSION = 1.0;
				PRODUCT_BUNDLE_IDENTIFIER = oasisGroup4.ambrosial;
				PRODUCT_NAME = "$(TARGET_NAME)";
				SWIFT_EMIT_LOC_STRINGS = YES;
				SWIFT_VERSION = 5.0;
				TARGETED_DEVICE_FAMILY = "1,2";
			};
			name = Release;
		};
/* End XCBuildConfiguration section */

/* Begin XCConfigurationList section */
		5C3FC3A327226C32004B4A1E /* Build configuration list for PBXProject "ambrosial" */ = {
			isa = XCConfigurationList;
			buildConfigurations = (
				5C3FC3B427226C35004B4A1E /* Debug */,
				5C3FC3B527226C35004B4A1E /* Release */,
			);
			defaultConfigurationIsVisible = 0;
			defaultConfigurationName = Release;
		};
		5C3FC3B627226C35004B4A1E /* Build configuration list for PBXNativeTarget "ambrosial" */ = {
			isa = XCConfigurationList;
			buildConfigurations = (
				5C3FC3B727226C35004B4A1E /* Debug */,
				5C3FC3B827226C35004B4A1E /* Release */,
			);
			defaultConfigurationIsVisible = 0;
			defaultConfigurationName = Release;
		};
/* End XCConfigurationList section */

/* Begin XCRemoteSwiftPackageReference section */
		CE8CC3922776C202009E1D1E /* XCRemoteSwiftPackageReference "swiftui-navigation-stack" */ = {
			isa = XCRemoteSwiftPackageReference;
			repositoryURL = "https://github.com/matteopuc/swiftui-navigation-stack.git";
			requirement = {
				kind = upToNextMajorVersion;
				minimumVersion = 1.0.0;
			};
		};
/* End XCRemoteSwiftPackageReference section */

/* Begin XCSwiftPackageProductDependency section */
		CE8CC3932776C202009E1D1E /* NavigationStack */ = {
			isa = XCSwiftPackageProductDependency;
			package = CE8CC3922776C202009E1D1E /* XCRemoteSwiftPackageReference "swiftui-navigation-stack" */;
			productName = NavigationStack;
		};
/* End XCSwiftPackageProductDependency section */
	};
	rootObject = 5C3FC3A027226C32004B4A1E /* Project object */;
}
